
Microsoft Visual Studio Solution File, Format Version 12.00
Project("{FAE04EC0-301F-11D3-BF4B-00C04F79EFBC}") = "AppiumDesktop", "AppiumDesktop\AppiumDesktop.csproj", "{20ECC49F-3BCD-404A-A7B9-5691C10D4CEB}"
EndProject
Global
	GlobalSection(SolutionConfigurationPlatforms) = preSolution
		Debug|Any CPU = Debug|Any CPU
		Release|Any CPU = Release|Any CPU
	EndGlobalSection
	GlobalSection(ProjectConfigurationPlatforms) = postSolution
		{20ECC49F-3BCD-404A-A7B9-5691C10D4CEB}.Debug|Any CPU.ActiveCfg = Debug|Any CPU
		{20ECC49F-3BCD-404A-A7B9-5691C10D4CEB}.Debug|Any CPU.Build.0 = Debug|Any CPU
		{20ECC49F-3BCD-404A-A7B9-5691C10D4CEB}.Release|Any CPU.ActiveCfg = Release|Any CPU
		{20ECC49F-3BCD-404A-A7B9-5691C10D4CEB}.Release|Any CPU.Build.0 = Release|Any CPU
	EndGlobalSection
EndGlobal
